
Microsoft Visual Studio Solution File, Format Version 12.00
# Visual Studio 2013
VisualStudioVersion = 12.0.30501.0
MinimumVisualStudioVersion = 10.0.40219.1
Project("{8BC9CEB8-8B4A-11D0-8D11-00A0C91BC942}") = "NetworkChess", "NetworkChess\NetworkChess.vcxproj", "{6FFA6396-A54E-4FC7-AF61-968D05C6370F}"
EndProject
Project("{8BC9CEB8-8B4A-11D0-8D11-00A0C91BC942}") = "TP1_chat", "TP1_chat\TP1_chat.vcxproj", "{80CE33F3-3D36-45C4-A72E-DABAF8B287CD}"
EndProject
Global
	GlobalSection(SolutionConfigurationPlatforms) = preSolution
		Debug serv|Win32 = Debug serv|Win32
		Debug serv|x64 = Debug serv|x64
		Debug|Win32 = Debug|Win32
		Debug|x64 = Debug|x64
		Release|Win32 = Release|Win32
		Release|x64 = Release|x64
	EndGlobalSection
	GlobalSection(ProjectConfigurationPlatforms) = postSolution
		{6FFA6396-A54E-4FC7-AF61-968D05C6370F}.Debug serv|Win32.ActiveCfg = Debug|Win32
		{6FFA6396-A54E-4FC7-AF61-968D05C6370F}.Debug serv|Win32.Build.0 = Debug|Win32
		{6FFA6396-A54E-4FC7-AF61-968D05C6370F}.Debug serv|x64.ActiveCfg = Debug|Win32
		{6FFA6396-A54E-4FC7-AF61-968D05C6370F}.Debug|Win32.ActiveCfg = Debug|Win32
		{6FFA6396-A54E-4FC7-AF61-968D05C6370F}.Debug|Win32.Build.0 = Debug|Win32
		{6FFA6396-A54E-4FC7-AF61-968D05C6370F}.Debug|x64.ActiveCfg = Debug|Win32
		{6FFA6396-A54E-4FC7-AF61-968D05C6370F}.Release|Win32.ActiveCfg = Release|Win32
		{6FFA6396-A54E-4FC7-AF61-968D05C6370F}.Release|Win32.Build.0 = Release|Win32
		{6FFA6396-A54E-4FC7-AF61-968D05C6370F}.Release|x64.ActiveCfg = Release|Win32
		{80CE33F3-3D36-45C4-A72E-DABAF8B287CD}.Debug serv|Win32.ActiveCfg = Debug serv|Win32
		{80CE33F3-3D36-45C4-A72E-DABAF8B287CD}.Debug serv|Win32.Build.0 = Debug serv|Win32
		{80CE33F3-3D36-45C4-A72E-DABAF8B287CD}.Debug serv|x64.ActiveCfg = Debug serv|Win32
		{80CE33F3-3D36-45C4-A72E-DABAF8B287CD}.Debug|Win32.ActiveCfg = Debug|Win32
		{80CE33F3-3D36-45C4-A72E-DABAF8B287CD}.Debug|Win32.Build.0 = Debug|Win32
		{80CE33F3-3D36-45C4-A72E-DABAF8B287CD}.Debug|x64.ActiveCfg = Debug|Win32
		{80CE33F3-3D36-45C4-A72E-DABAF8B287CD}.Release|Win32.ActiveCfg = Release|Win32
		{80CE33F3-3D36-45C4-A72E-DABAF8B287CD}.Release|Win32.Build.0 = Release|Win32
		{80CE33F3-3D36-45C4-A72E-DABAF8B287CD}.Release|x64.ActiveCfg = Release|Win32
	EndGlobalSection
	GlobalSection(SolutionProperties) = preSolution
		HideSolutionNode = FALSE
	EndGlobalSection
EndGlobal
